
Microsoft Visual Studio Solution File, Format Version 12.00
# Visual Studio 15
Project("{8BC9CEB8-8B4A-11D0-8D11-00A0C91BC942}") = "PressF", "PressF.vcxproj", "{18FBC3CA-049D-EEA0-ED57-02F5D99875F1}"
EndProject
Project("{2150E333-8FDC-42A3-9474-1A3956D46DE8}") = "Dependencies", "Dependencies", "{53E47842-3FC8-3998-A828-34EB942B241A}"
EndProject
Project("{8BC9CEB8-8B4A-11D0-8D11-00A0C91BC942}") = "Glad", "dependencies\Glad\Glad.vcxproj", "{BDD6857C-A90D-870D-52FA-6C103E10030F}"
EndProject
Project("{8BC9CEB8-8B4A-11D0-8D11-00A0C91BC942}") = "nuklear", "dependencies\nuklear\nuklear.vcxproj", "{577BFE2F-C35A-7DCB-CC72-08A238D1E32C}"
EndProject
Global
	GlobalSection(SolutionConfigurationPlatforms) = preSolution
		Debug|x64 = Debug|x64
		Dist|x64 = Dist|x64
		Release|x64 = Release|x64
	EndGlobalSection
	GlobalSection(ProjectConfigurationPlatforms) = postSolution
		{18FBC3CA-049D-EEA0-ED57-02F5D99875F1}.Debug|x64.ActiveCfg = Debug|x64
		{18FBC3CA-049D-EEA0-ED57-02F5D99875F1}.Debug|x64.Build.0 = Debug|x64
		{18FBC3CA-049D-EEA0-ED57-02F5D99875F1}.Dist|x64.ActiveCfg = Dist|x64
		{18FBC3CA-049D-EEA0-ED57-02F5D99875F1}.Dist|x64.Build.0 = Dist|x64
		{18FBC3CA-049D-EEA0-ED57-02F5D99875F1}.Release|x64.ActiveCfg = Release|x64
		{18FBC3CA-049D-EEA0-ED57-02F5D99875F1}.Release|x64.Build.0 = Release|x64
		{BDD6857C-A90D-870D-52FA-6C103E10030F}.Debug|x64.ActiveCfg = Debug|x64
		{BDD6857C-A90D-870D-52FA-6C103E10030F}.Debug|x64.Build.0 = Debug|x64
		{BDD6857C-A90D-870D-52FA-6C103E10030F}.Dist|x64.ActiveCfg = Dist|x64
		{BDD6857C-A90D-870D-52FA-6C103E10030F}.Dist|x64.Build.0 = Dist|x64
		{BDD6857C-A90D-870D-52FA-6C103E10030F}.Release|x64.ActiveCfg = Release|x64
		{BDD6857C-A90D-870D-52FA-6C103E10030F}.Release|x64.Build.0 = Release|x64
		{577BFE2F-C35A-7DCB-CC72-08A238D1E32C}.Debug|x64.ActiveCfg = Debug|x64
		{577BFE2F-C35A-7DCB-CC72-08A238D1E32C}.Debug|x64.Build.0 = Debug|x64
		{577BFE2F-C35A-7DCB-CC72-08A238D1E32C}.Dist|x64.ActiveCfg = Dist|x64
		{577BFE2F-C35A-7DCB-CC72-08A238D1E32C}.Dist|x64.Build.0 = Dist|x64
		{577BFE2F-C35A-7DCB-CC72-08A238D1E32C}.Release|x64.ActiveCfg = Release|x64
		{577BFE2F-C35A-7DCB-CC72-08A238D1E32C}.Release|x64.Build.0 = Release|x64
	EndGlobalSection
	GlobalSection(SolutionProperties) = preSolution
		HideSolutionNode = FALSE
	EndGlobalSection
	GlobalSection(NestedProjects) = preSolution
		{BDD6857C-A90D-870D-52FA-6C103E10030F} = {53E47842-3FC8-3998-A828-34EB942B241A}
		{577BFE2F-C35A-7DCB-CC72-08A238D1E32C} = {53E47842-3FC8-3998-A828-34EB942B241A}
	EndGlobalSection
EndGlobal
