<?xml version="1.0" encoding="utf-8"?>
<Project ToolsVersion="4.0" xmlns="http://schemas.microsoft.com/developer/msbuild/2003">
  <ItemGroup>
    <Filter Include="PressF">
      <UniqueIdentifier>{18FBC3CA-049D-EEA0-ED57-02F5D99875F1}</UniqueIdentifier>
    </Filter>
    <Filter Include="PressF\src">
      <UniqueIdentifier>{2F851734-1B3D-5981-8444-32DD701BF471}</UniqueIdentifier>
    </Filter>
    <Filter Include="dependencies">
      <UniqueIdentifier>{8CAD9F58-7810-2FFD-2196-67B30DD8FA7F}</UniqueIdentifier>
    </Filter>
    <Filter Include="dependencies\glm">
      <UniqueIdentifier>{DB1DAFD4-C716-CE26-F048-B3ABDCA0AD32}</UniqueIdentifier>
    </Filter>
    <Filter Include="dependencies\glm\glm">
      <UniqueIdentifier>{AA1D8CB0-96AC-157A-3FCB-29752B392620}</UniqueIdentifier>
    </Filter>
    <Filter Include="dependencies\glm\glm\detail">
      <UniqueIdentifier>{2CD27A86-98DF-A86C-21C6-A4578DD27423}</UniqueIdentifier>
    </Filter>
    <Filter Include="dependencies\glm\test">
      <UniqueIdentifier>{4AD716C2-B643-D2BC-7F37-6A1AEB62F424}</UniqueIdentifier>
    </Filter>
    <Filter Include="dependencies\glm\test\bug">
      <UniqueIdentifier>{77E20015-E3A4-349F-2C55-C32B98560D7D}</UniqueIdentifier>
    </Filter>
    <Filter Include="dependencies\glm\test\core">
      <UniqueIdentifier>{02A61DB5-EEB5-C985-576F-2EA4439EB81E}</UniqueIdentifier>
    </Filter>
    <Filter Include="dependencies\glm\test\ext">
      <UniqueIdentifier>{AAEF0015-16B2-349F-5F62-C32BCB630D7D}</UniqueIdentifier>
    </Filter>
    <Filter Include="dependencies\glm\test\gtc">
      <UniqueIdentifier>{97F70015-03BA-349F-4C6A-C32BB86B0D7D}</UniqueIdentifier>
    </Filter>
    <Filter Include="dependencies\glm\test\gtx">
      <UniqueIdentifier>{ACF70015-18BA-349F-616A-C32BCD6B0D7D}</UniqueIdentifier>
    </Filter>
    <Filter Include="dependencies\glm\test\perf">
      <UniqueIdentifier>{669C24B5-52AC-D085-BB65-35A4A794BF1E}</UniqueIdentifier>
    </Filter>
    <Filter Include="dependencies\nuklear">
      <UniqueIdentifier>{CD6C5FE0-B9FB-E8A9-621A-FDA44E88F94F}</UniqueIdentifier>
    </Filter>
    <Filter Include="dependencies\nuklear\demo">
      <UniqueIdentifier>{A1869FC2-0D49-D34C-56F9-61D9C2FAAB2A}</UniqueIdentifier>
    </Filter>
    <Filter Include="dependencies\nuklear\demo\sfml_opengl2">
      <UniqueIdentifier>{58C3D457-4415-AC47-2D34-E9571925C530}</UniqueIdentifier>
    </Filter>
    <Filter Include="dependencies\nuklear\demo\sfml_opengl3">
      <UniqueIdentifier>{59C3D457-4515-AC47-2E34-E9571A25C530}</UniqueIdentifier>
    </Filter>
    <Filter Include="dependencies\spdlog">
      <UniqueIdentifier>{4448F176-B0A9-CE84-3917-1537A5770544}</UniqueIdentifier>
    </Filter>
    <Filter Include="dependencies\spdlog\bench">
      <UniqueIdentifier>{93850870-FF47-3CFA-48F8-CA86B4F914D8}</UniqueIdentifier>
    </Filter>
    <Filter Include="dependencies\spdlog\example">
      <UniqueIdentifier>{1F5E9BA6-8B6B-C98C-1452-C577805E9543}</UniqueIdentifier>
    </Filter>
    <Filter Include="dependencies\spdlog\src">
      <UniqueIdentifier>{5B883FA3-C7BF-873A-D0C9-EB5D3C80AE33}</UniqueIdentifier>
    </Filter>
    <Filter Include="dependencies\spdlog\tests">
      <UniqueIdentifier>{26564E71-9218-82FB-DBC8-108847CA5AD9}</UniqueIdentifier>
    </Filter>
  </ItemGroup>
  <ItemGroup>
    <ClCompile Include="PressF\src\main.cpp">
      <Filter>PressF\src</Filter>
    </ClCompile>
    <ClCompile Include="dependencies\glm\glm\detail\glm.cpp">
      <Filter>dependencies\glm\glm\detail</Filter>
    </ClCompile>
    <ClCompile Include="dependencies\glm\test\bug\bug_ms_vec_static.cpp">
      <Filter>dependencies\glm\test\bug</Filter>
    </ClCompile>
    <ClCompile Include="dependencies\glm\test\core\core_cpp_constexpr.cpp">
      <Filter>dependencies\glm\test\core</Filter>
    </ClCompile>
    <ClCompile Include="dependencies\glm\test\core\core_cpp_defaulted_ctor.cpp">
      <Filter>dependencies\glm\test\core</Filter>
    </ClCompile>
    <ClCompile Include="dependencies\glm\test\core\core_force_aligned_gentypes.cpp">
      <Filter>dependencies\glm\test\core</Filter>
    </ClCompile>
    <ClCompile Include="dependencies\glm\test\core\core_force_ctor_init.cpp">
      <Filter>dependencies\glm\test\core</Filter>
    </ClCompile>
    <ClCompile Include="dependencies\glm\test\core\core_force_explicit_ctor.cpp">
      <Filter>dependencies\glm\test\core</Filter>
    </ClCompile>
    <ClCompile Include="dependencies\glm\test\core\core_force_inline.cpp">
      <Filter>dependencies\glm\test\core</Filter>
    </ClCompile>
    <ClCompile Include="dependencies\glm\test\core\core_force_pure.cpp">
      <Filter>dependencies\glm\test\core</Filter>
    </ClCompile>
    <ClCompile Include="dependencies\glm\test\core\core_force_unrestricted_gentype.cpp">
      <Filter>dependencies\glm\test\core</Filter>
    </ClCompile>
    <ClCompile Include="dependencies\glm\test\core\core_force_xyzw_only.cpp">
      <Filter>dependencies\glm\test\core</Filter>
    </ClCompile>
    <ClCompile Include="dependencies\glm\test\core\core_func_common.cpp">
      <Filter>dependencies\glm\test\core</Filter>
    </ClCompile>
    <ClCompile Include="dependencies\glm\test\core\core_func_exponential.cpp">
      <Filter>dependencies\glm\test\core</Filter>
    </ClCompile>
    <ClCompile Include="dependencies\glm\test\core\core_func_geometric.cpp">
      <Filter>dependencies\glm\test\core</Filter>
    </ClCompile>
    <ClCompile Include="dependencies\glm\test\core\core_func_integer.cpp">
      <Filter>dependencies\glm\test\core</Filter>
    </ClCompile>
    <ClCompile Include="dependencies\glm\test\core\core_func_integer_bit_count.cpp">
      <Filter>dependencies\glm\test\core</Filter>
    </ClCompile>
    <ClCompile Include="dependencies\glm\test\core\core_func_integer_find_lsb.cpp">
      <Filter>dependencies\glm\test\core</Filter>
    </ClCompile>
    <ClCompile Include="dependencies\glm\test\core\core_func_integer_find_msb.cpp">
      <Filter>dependencies\glm\test\core</Filter>
    </ClCompile>
    <ClCompile Include="dependencies\glm\test\core\core_func_matrix.cpp">
      <Filter>dependencies\glm\test\core</Filter>
    </ClCompile>
    <ClCompile Include="dependencies\glm\test\core\core_func_noise.cpp">
      <Filter>dependencies\glm\test\core</Filter>
    </ClCompile>
    <ClCompile Include="dependencies\glm\test\core\core_func_packing.cpp">
      <Filter>dependencies\glm\test\core</Filter>
    </ClCompile>
    <ClCompile Include="dependencies\glm\test\core\core_func_swizzle.cpp">
      <Filter>dependencies\glm\test\core</Filter>
    </ClCompile>
    <ClCompile Include="dependencies\glm\test\core\core_func_trigonometric.cpp">
      <Filter>dependencies\glm\test\core</Filter>
    </ClCompile>
    <ClCompile Include="dependencies\glm\test\core\core_func_vector_relational.cpp">
      <Filter>dependencies\glm\test\core</Filter>
    </ClCompile>
    <ClCompile Include="dependencies\glm\test\core\core_setup_force_cxx98.cpp">
      <Filter>dependencies\glm\test\core</Filter>
    </ClCompile>
    <ClCompile Include="dependencies\glm\test\core\core_setup_force_size_t_length.cpp">
      <Filter>dependencies\glm\test\core</Filter>
    </ClCompile>
    <ClCompile Include="dependencies\glm\test\core\core_setup_message.cpp">
      <Filter>dependencies\glm\test\core</Filter>
    </ClCompile>
    <ClCompile Include="dependencies\glm\test\core\core_setup_platform_unknown.cpp">
      <Filter>dependencies\glm\test\core</Filter>
    </ClCompile>
    <ClCompile Include="dependencies\glm\test\core\core_setup_precision.cpp">
      <Filter>dependencies\glm\test\core</Filter>
    </ClCompile>
    <ClCompile Include="dependencies\glm\test\core\core_type_aligned.cpp">
      <Filter>dependencies\glm\test\core</Filter>
    </ClCompile>
    <ClCompile Include="dependencies\glm\test\core\core_type_cast.cpp">
      <Filter>dependencies\glm\test\core</Filter>
    </ClCompile>
    <ClCompile Include="dependencies\glm\test\core\core_type_ctor.cpp">
      <Filter>dependencies\glm\test\core</Filter>
    </ClCompile>
    <ClCompile Include="dependencies\glm\test\core\core_type_int.cpp">
      <Filter>dependencies\glm\test\core</Filter>
    </ClCompile>
    <ClCompile Include="dependencies\glm\test\core\core_type_length.cpp">
      <Filter>dependencies\glm\test\core</Filter>
    </ClCompile>
    <ClCompile Include="dependencies\glm\test\core\core_type_mat2x2.cpp">
      <Filter>dependencies\glm\test\core</Filter>
    </ClCompile>
    <ClCompile Include="dependencies\glm\test\core\core_type_mat2x3.cpp">
      <Filter>dependencies\glm\test\core</Filter>
    </ClCompile>
    <ClCompile Include="dependencies\glm\test\core\core_type_mat2x4.cpp">
      <Filter>dependencies\glm\test\core</Filter>
    </ClCompile>
    <ClCompile Include="dependencies\glm\test\core\core_type_mat3x2.cpp">
      <Filter>dependencies\glm\test\core</Filter>
    </ClCompile>
    <ClCompile Include="dependencies\glm\test\core\core_type_mat3x3.cpp">
      <Filter>dependencies\glm\test\core</Filter>
    </ClCompile>
    <ClCompile Include="dependencies\glm\test\core\core_type_mat3x4.cpp">
      <Filter>dependencies\glm\test\core</Filter>
    </ClCompile>
    <ClCompile Include="dependencies\glm\test\core\core_type_mat4x2.cpp">
      <Filter>dependencies\glm\test\core</Filter>
    </ClCompile>
    <ClCompile Include="dependencies\glm\test\core\core_type_mat4x3.cpp">
      <Filter>dependencies\glm\test\core</Filter>
    </ClCompile>
    <ClCompile Include="dependencies\glm\test\core\core_type_mat4x4.cpp">
      <Filter>dependencies\glm\test\core</Filter>
    </ClCompile>
    <ClCompile Include="dependencies\glm\test\core\core_type_vec1.cpp">
      <Filter>dependencies\glm\test\core</Filter>
    </ClCompile>
    <ClCompile Include="dependencies\glm\test\core\core_type_vec2.cpp">
      <Filter>dependencies\glm\test\core</Filter>
    </ClCompile>
    <ClCompile Include="dependencies\glm\test\core\core_type_vec3.cpp">
      <Filter>dependencies\glm\test\core</Filter>
    </ClCompile>
    <ClCompile Include="dependencies\glm\test\core\core_type_vec4.cpp">
      <Filter>dependencies\glm\test\core</Filter>
    </ClCompile>
    <ClCompile Include="dependencies\glm\test\ext\ext_matrix_clip_space.cpp">
      <Filter>dependencies\glm\test\ext</Filter>
    </ClCompile>
    <ClCompile Include="dependencies\glm\test\ext\ext_matrix_common.cpp">
      <Filter>dependencies\glm\test\ext</Filter>
    </ClCompile>
    <ClCompile Include="dependencies\glm\test\ext\ext_matrix_projection.cpp">
      <Filter>dependencies\glm\test\ext</Filter>
    </ClCompile>
    <ClCompile Include="dependencies\glm\test\ext\ext_matrix_relational.cpp">
      <Filter>dependencies\glm\test\ext</Filter>
    </ClCompile>
    <ClCompile Include="dependencies\glm\test\ext\ext_matrix_transform.cpp">
      <Filter>dependencies\glm\test\ext</Filter>
    </ClCompile>
    <ClCompile Include="dependencies\glm\test\ext\ext_quaternion_common.cpp">
      <Filter>dependencies\glm\test\ext</Filter>
    </ClCompile>
    <ClCompile Include="dependencies\glm\test\ext\ext_quaternion_exponential.cpp">
      <Filter>dependencies\glm\test\ext</Filter>
    </ClCompile>
    <ClCompile Include="dependencies\glm\test\ext\ext_quaternion_geometric.cpp">
      <Filter>dependencies\glm\test\ext</Filter>
    </ClCompile>
    <ClCompile Include="dependencies\glm\test\ext\ext_quaternion_relational.cpp">
      <Filter>dependencies\glm\test\ext</Filter>
    </ClCompile>
    <ClCompile Include="dependencies\glm\test\ext\ext_quaternion_transform.cpp">
      <Filter>dependencies\glm\test\ext</Filter>
    </ClCompile>
    <ClCompile Include="dependencies\glm\test\ext\ext_quaternion_trigonometric.cpp">
      <Filter>dependencies\glm\test\ext</Filter>
    </ClCompile>
    <ClCompile Include="dependencies\glm\test\ext\ext_quaternion_type.cpp">
      <Filter>dependencies\glm\test\ext</Filter>
    </ClCompile>
    <ClCompile Include="dependencies\glm\test\ext\ext_scalar_common.cpp">
      <Filter>dependencies\glm\test\ext</Filter>
    </ClCompile>
    <ClCompile Include="dependencies\glm\test\ext\ext_scalar_constants.cpp">
      <Filter>dependencies\glm\test\ext</Filter>
    </ClCompile>
    <ClCompile Include="dependencies\glm\test\ext\ext_scalar_int_sized.cpp">
      <Filter>dependencies\glm\test\ext</Filter>
    </ClCompile>
    <ClCompile Include="dependencies\glm\test\ext\ext_scalar_integer.cpp">
      <Filter>dependencies\glm\test\ext</Filter>
    </ClCompile>
    <ClCompile Include="dependencies\glm\test\ext\ext_scalar_relational.cpp">
      <Filter>dependencies\glm\test\ext</Filter>
    </ClCompile>
    <ClCompile Include="dependencies\glm\test\ext\ext_scalar_uint_sized.cpp">
      <Filter>dependencies\glm\test\ext</Filter>
    </ClCompile>
    <ClCompile Include="dependencies\glm\test\ext\ext_scalar_ulp.cpp">
      <Filter>dependencies\glm\test\ext</Filter>
    </ClCompile>
    <ClCompile Include="dependencies\glm\test\ext\ext_vec1.cpp">
      <Filter>dependencies\glm\test\ext</Filter>
    </ClCompile>
    <ClCompile Include="dependencies\glm\test\ext\ext_vector_bool1.cpp">
      <Filter>dependencies\glm\test\ext</Filter>
    </ClCompile>
    <ClCompile Include="dependencies\glm\test\ext\ext_vector_common.cpp">
      <Filter>dependencies\glm\test\ext</Filter>
    </ClCompile>
    <ClCompile Include="dependencies\glm\test\ext\ext_vector_iec559.cpp">
      <Filter>dependencies\glm\test\ext</Filter>
    </ClCompile>
    <ClCompile Include="dependencies\glm\test\ext\ext_vector_integer.cpp">
      <Filter>dependencies\glm\test\ext</Filter>
    </ClCompile>
    <ClCompile Include="dependencies\glm\test\ext\ext_vector_integer_sized.cpp">
      <Filter>dependencies\glm\test\ext</Filter>
    </ClCompile>
    <ClCompile Include="dependencies\glm\test\ext\ext_vector_relational.cpp">
      <Filter>dependencies\glm\test\ext</Filter>
    </ClCompile>
    <ClCompile Include="dependencies\glm\test\ext\ext_vector_ulp.cpp">
      <Filter>dependencies\glm\test\ext</Filter>
    </ClCompile>
    <ClCompile Include="dependencies\glm\test\gtc\gtc_bitfield.cpp">
      <Filter>dependencies\glm\test\gtc</Filter>
    </ClCompile>
    <ClCompile Include="dependencies\glm\test\gtc\gtc_color_space.cpp">
      <Filter>dependencies\glm\test\gtc</Filter>
    </ClCompile>
    <ClCompile Include="dependencies\glm\test\gtc\gtc_constants.cpp">
      <Filter>dependencies\glm\test\gtc</Filter>
    </ClCompile>
    <ClCompile Include="dependencies\glm\test\gtc\gtc_epsilon.cpp">
      <Filter>dependencies\glm\test\gtc</Filter>
    </ClCompile>
    <ClCompile Include="dependencies\glm\test\gtc\gtc_integer.cpp">
      <Filter>dependencies\glm\test\gtc</Filter>
    </ClCompile>
    <ClCompile Include="dependencies\glm\test\gtc\gtc_matrix_access.cpp">
      <Filter>dependencies\glm\test\gtc</Filter>
    </ClCompile>
    <ClCompile Include="dependencies\glm\test\gtc\gtc_matrix_integer.cpp">
      <Filter>dependencies\glm\test\gtc</Filter>
    </ClCompile>
    <ClCompile Include="dependencies\glm\test\gtc\gtc_matrix_inverse.cpp">
      <Filter>dependencies\glm\test\gtc</Filter>
    </ClCompile>
    <ClCompile Include="dependencies\glm\test\gtc\gtc_matrix_transform.cpp">
      <Filter>dependencies\glm\test\gtc</Filter>
    </ClCompile>
    <ClCompile Include="dependencies\glm\test\gtc\gtc_noise.cpp">
      <Filter>dependencies\glm\test\gtc</Filter>
    </ClCompile>
    <ClCompile Include="dependencies\glm\test\gtc\gtc_packing.cpp">
      <Filter>dependencies\glm\test\gtc</Filter>
    </ClCompile>
    <ClCompile Include="dependencies\glm\test\gtc\gtc_quaternion.cpp">
      <Filter>dependencies\glm\test\gtc</Filter>
    </ClCompile>
    <ClCompile Include="dependencies\glm\test\gtc\gtc_random.cpp">
      <Filter>dependencies\glm\test\gtc</Filter>
    </ClCompile>
    <ClCompile Include="dependencies\glm\test\gtc\gtc_reciprocal.cpp">
      <Filter>dependencies\glm\test\gtc</Filter>
    </ClCompile>
    <ClCompile Include="dependencies\glm\test\gtc\gtc_round.cpp">
      <Filter>dependencies\glm\test\gtc</Filter>
    </ClCompile>
    <ClCompile Include="dependencies\glm\test\gtc\gtc_type_aligned.cpp">
      <Filter>dependencies\glm\test\gtc</Filter>
    </ClCompile>
    <ClCompile Include="dependencies\glm\test\gtc\gtc_type_precision.cpp">
      <Filter>dependencies\glm\test\gtc</Filter>
    </ClCompile>
    <ClCompile Include="dependencies\glm\test\gtc\gtc_type_ptr.cpp">
      <Filter>dependencies\glm\test\gtc</Filter>
    </ClCompile>
    <ClCompile Include="dependencies\glm\test\gtc\gtc_ulp.cpp">
      <Filter>dependencies\glm\test\gtc</Filter>
    </ClCompile>
    <ClCompile Include="dependencies\glm\test\gtc\gtc_user_defined_types.cpp">
      <Filter>dependencies\glm\test\gtc</Filter>
    </ClCompile>
    <ClCompile Include="dependencies\glm\test\gtc\gtc_vec1.cpp">
      <Filter>dependencies\glm\test\gtc</Filter>
    </ClCompile>
    <ClCompile Include="dependencies\glm\test\gtx\gtx.cpp">
      <Filter>dependencies\glm\test\gtx</Filter>
    </ClCompile>
    <ClCompile Include="dependencies\glm\test\gtx\gtx_associated_min_max.cpp">
      <Filter>dependencies\glm\test\gtx</Filter>
    </ClCompile>
    <ClCompile Include="dependencies\glm\test\gtx\gtx_closest_point.cpp">
      <Filter>dependencies\glm\test\gtx</Filter>
    </ClCompile>
    <ClCompile Include="dependencies\glm\test\gtx\gtx_color_encoding.cpp">
      <Filter>dependencies\glm\test\gtx</Filter>
    </ClCompile>
    <ClCompile Include="dependencies\glm\test\gtx\gtx_color_space.cpp">
      <Filter>dependencies\glm\test\gtx</Filter>
    </ClCompile>
    <ClCompile Include="dependencies\glm\test\gtx\gtx_color_space_YCoCg.cpp">
      <Filter>dependencies\glm\test\gtx</Filter>
    </ClCompile>
    <ClCompile Include="dependencies\glm\test\gtx\gtx_common.cpp">
      <Filter>dependencies\glm\test\gtx</Filter>
    </ClCompile>
    <ClCompile Include="dependencies\glm\test\gtx\gtx_compatibility.cpp">
      <Filter>dependencies\glm\test\gtx</Filter>
    </ClCompile>
    <ClCompile Include="dependencies\glm\test\gtx\gtx_component_wise.cpp">
      <Filter>dependencies\glm\test\gtx</Filter>
    </ClCompile>
    <ClCompile Include="dependencies\glm\test\gtx\gtx_dual_quaternion.cpp">
      <Filter>dependencies\glm\test\gtx</Filter>
    </ClCompile>
    <ClCompile Include="dependencies\glm\test\gtx\gtx_easing.cpp">
      <Filter>dependencies\glm\test\gtx</Filter>
    </ClCompile>
    <ClCompile Include="dependencies\glm\test\gtx\gtx_euler_angle.cpp">
      <Filter>dependencies\glm\test\gtx</Filter>
    </ClCompile>
    <ClCompile Include="dependencies\glm\test\gtx\gtx_extend.cpp">
      <Filter>dependencies\glm\test\gtx</Filter>
    </ClCompile>
    <ClCompile Include="dependencies\glm\test\gtx\gtx_extended_min_max.cpp">
      <Filter>dependencies\glm\test\gtx</Filter>
    </ClCompile>
    <ClCompile Include="dependencies\glm\test\gtx\gtx_extented_min_max.cpp">
      <Filter>dependencies\glm\test\gtx</Filter>
    </ClCompile>
    <ClCompile Include="dependencies\glm\test\gtx\gtx_exterior_product.cpp">
      <Filter>dependencies\glm\test\gtx</Filter>
    </ClCompile>
    <ClCompile Include="dependencies\glm\test\gtx\gtx_fast_exponential.cpp">
      <Filter>dependencies\glm\test\gtx</Filter>
    </ClCompile>
    <ClCompile Include="dependencies\glm\test\gtx\gtx_fast_square_root.cpp">
      <Filter>dependencies\glm\test\gtx</Filter>
    </ClCompile>
    <ClCompile Include="dependencies\glm\test\gtx\gtx_fast_trigonometry.cpp">
      <Filter>dependencies\glm\test\gtx</Filter>
    </ClCompile>
    <ClCompile Include="dependencies\glm\test\gtx\gtx_functions.cpp">
      <Filter>dependencies\glm\test\gtx</Filter>
    </ClCompile>
    <ClCompile Include="dependencies\glm\test\gtx\gtx_gradient_paint.cpp">
      <Filter>dependencies\glm\test\gtx</Filter>
    </ClCompile>
    <ClCompile Include="dependencies\glm\test\gtx\gtx_handed_coordinate_space.cpp">
      <Filter>dependencies\glm\test\gtx</Filter>
    </ClCompile>
    <ClCompile Include="dependencies\glm\test\gtx\gtx_int_10_10_10_2.cpp">
      <Filter>dependencies\glm\test\gtx</Filter>
    </ClCompile>
    <ClCompile Include="dependencies\glm\test\gtx\gtx_integer.cpp">
      <Filter>dependencies\glm\test\gtx</Filter>
    </ClCompile>
    <ClCompile Include="dependencies\glm\test\gtx\gtx_intersect.cpp">
      <Filter>dependencies\glm\test\gtx</Filter>
    </ClCompile>
    <ClCompile Include="dependencies\glm\test\gtx\gtx_io.cpp">
      <Filter>dependencies\glm\test\gtx</Filter>
    </ClCompile>
    <ClCompile Include="dependencies\glm\test\gtx\gtx_load.cpp">
      <Filter>dependencies\glm\test\gtx</Filter>
    </ClCompile>
    <ClCompile Include="dependencies\glm\test\gtx\gtx_log_base.cpp">
      <Filter>dependencies\glm\test\gtx</Filter>
    </ClCompile>
    <ClCompile Include="dependencies\glm\test\gtx\gtx_matrix_cross_product.cpp">
      <Filter>dependencies\glm\test\gtx</Filter>
    </ClCompile>
    <ClCompile Include="dependencies\glm\test\gtx\gtx_matrix_decompose.cpp">
      <Filter>dependencies\glm\test\gtx</Filter>
    </ClCompile>
    <ClCompile Include="dependencies\glm\test\gtx\gtx_matrix_factorisation.cpp">
      <Filter>dependencies\glm\test\gtx</Filter>
    </ClCompile>
    <ClCompile Include="dependencies\glm\test\gtx\gtx_matrix_interpolation.cpp">
      <Filter>dependencies\glm\test\gtx</Filter>
    </ClCompile>
    <ClCompile Include="dependencies\glm\test\gtx\gtx_matrix_major_storage.cpp">
      <Filter>dependencies\glm\test\gtx</Filter>
    </ClCompile>
    <ClCompile Include="dependencies\glm\test\gtx\gtx_matrix_operation.cpp">
      <Filter>dependencies\glm\test\gtx</Filter>
    </ClCompile>
    <ClCompile Include="dependencies\glm\test\gtx\gtx_matrix_query.cpp">
      <Filter>dependencies\glm\test\gtx</Filter>
    </ClCompile>
    <ClCompile Include="dependencies\glm\test\gtx\gtx_matrix_transform_2d.cpp">
      <Filter>dependencies\glm\test\gtx</Filter>
    </ClCompile>
    <ClCompile Include="dependencies\glm\test\gtx\gtx_mixed_product.cpp">
      <Filter>dependencies\glm\test\gtx</Filter>
    </ClCompile>
    <ClCompile Include="dependencies\glm\test\gtx\gtx_norm.cpp">
      <Filter>dependencies\glm\test\gtx</Filter>
    </ClCompile>
    <ClCompile Include="dependencies\glm\test\gtx\gtx_normal.cpp">
      <Filter>dependencies\glm\test\gtx</Filter>
    </ClCompile>
    <ClCompile Include="dependencies\glm\test\gtx\gtx_normalize_dot.cpp">
      <Filter>dependencies\glm\test\gtx</Filter>
    </ClCompile>
    <ClCompile Include="dependencies\glm\test\gtx\gtx_number_precision.cpp">
      <Filter>dependencies\glm\test\gtx</Filter>
    </ClCompile>
    <ClCompile Include="dependencies\glm\test\gtx\gtx_optimum_pow.cpp">
      <Filter>dependencies\glm\test\gtx</Filter>
    </ClCompile>
    <ClCompile Include="dependencies\glm\test\gtx\gtx_orthonormalize.cpp">
      <Filter>dependencies\glm\test\gtx</Filter>
    </ClCompile>
    <ClCompile Include="dependencies\glm\test\gtx\gtx_perpendicular.cpp">
      <Filter>dependencies\glm\test\gtx</Filter>
    </ClCompile>
    <ClCompile Include="dependencies\glm\test\gtx\gtx_polar_coordinates.cpp">
      <Filter>dependencies\glm\test\gtx</Filter>
    </ClCompile>
    <ClCompile Include="dependencies\glm\test\gtx\gtx_projection.cpp">
      <Filter>dependencies\glm\test\gtx</Filter>
    </ClCompile>
    <ClCompile Include="dependencies\glm\test\gtx\gtx_quaternion.cpp">
      <Filter>dependencies\glm\test\gtx</Filter>
    </ClCompile>
    <ClCompile Include="dependencies\glm\test\gtx\gtx_random.cpp">
      <Filter>dependencies\glm\test\gtx</Filter>
    </ClCompile>
    <ClCompile Include="dependencies\glm\test\gtx\gtx_range.cpp">
      <Filter>dependencies\glm\test\gtx</Filter>
    </ClCompile>
    <ClCompile Include="dependencies\glm\test\gtx\gtx_rotate_normalized_axis.cpp">
      <Filter>dependencies\glm\test\gtx</Filter>
    </ClCompile>
    <ClCompile Include="dependencies\glm\test\gtx\gtx_rotate_vector.cpp">
      <Filter>dependencies\glm\test\gtx</Filter>
    </ClCompile>
    <ClCompile Include="dependencies\glm\test\gtx\gtx_scalar_multiplication.cpp">
      <Filter>dependencies\glm\test\gtx</Filter>
    </ClCompile>
    <ClCompile Include="dependencies\glm\test\gtx\gtx_scalar_relational.cpp">
      <Filter>dependencies\glm\test\gtx</Filter>
    </ClCompile>
    <ClCompile Include="dependencies\glm\test\gtx\gtx_simd_mat4.cpp">
      <Filter>dependencies\glm\test\gtx</Filter>
    </ClCompile>
    <ClCompile Include="dependencies\glm\test\gtx\gtx_simd_vec4.cpp">
      <Filter>dependencies\glm\test\gtx</Filter>
    </ClCompile>
    <ClCompile Include="dependencies\glm\test\gtx\gtx_spline.cpp">
      <Filter>dependencies\glm\test\gtx</Filter>
    </ClCompile>
    <ClCompile Include="dependencies\glm\test\gtx\gtx_string_cast.cpp">
      <Filter>dependencies\glm\test\gtx</Filter>
    </ClCompile>
    <ClCompile Include="dependencies\glm\test\gtx\gtx_texture.cpp">
      <Filter>dependencies\glm\test\gtx</Filter>
    </ClCompile>
    <ClCompile Include="dependencies\glm\test\gtx\gtx_type_aligned.cpp">
      <Filter>dependencies\glm\test\gtx</Filter>
    </ClCompile>
    <ClCompile Include="dependencies\glm\test\gtx\gtx_type_trait.cpp">
      <Filter>dependencies\glm\test\gtx</Filter>
    </ClCompile>
    <ClCompile Include="dependencies\glm\test\gtx\gtx_vec_swizzle.cpp">
      <Filter>dependencies\glm\test\gtx</Filter>
    </ClCompile>
    <ClCompile Include="dependencies\glm\test\gtx\gtx_vector_angle.cpp">
      <Filter>dependencies\glm\test\gtx</Filter>
    </ClCompile>
    <ClCompile Include="dependencies\glm\test\gtx\gtx_vector_query.cpp">
      <Filter>dependencies\glm\test\gtx</Filter>
    </ClCompile>
    <ClCompile Include="dependencies\glm\test\gtx\gtx_wrap.cpp">
      <Filter>dependencies\glm\test\gtx</Filter>
    </ClCompile>
    <ClCompile Include="dependencies\glm\test\perf\perf_matrix_div.cpp">
      <Filter>dependencies\glm\test\perf</Filter>
    </ClCompile>
    <ClCompile Include="dependencies\glm\test\perf\perf_matrix_inverse.cpp">
      <Filter>dependencies\glm\test\perf</Filter>
    </ClCompile>
    <ClCompile Include="dependencies\glm\test\perf\perf_matrix_mul.cpp">
      <Filter>dependencies\glm\test\perf</Filter>
    </ClCompile>
    <ClCompile Include="dependencies\glm\test\perf\perf_matrix_mul_vector.cpp">
      <Filter>dependencies\glm\test\perf</Filter>
    </ClCompile>
    <ClCompile Include="dependencies\glm\test\perf\perf_matrix_transpose.cpp">
      <Filter>dependencies\glm\test\perf</Filter>
    </ClCompile>
    <ClCompile Include="dependencies\glm\test\perf\perf_vector_mul_matrix.cpp">
      <Filter>dependencies\glm\test\perf</Filter>
    </ClCompile>
    <ClCompile Include="dependencies\nuklear\demo\sfml_opengl2\main.cpp">
      <Filter>dependencies\nuklear\demo\sfml_opengl2</Filter>
    </ClCompile>
    <ClCompile Include="dependencies\nuklear\demo\sfml_opengl3\main.cpp">
      <Filter>dependencies\nuklear\demo\sfml_opengl3</Filter>
    </ClCompile>
    <ClCompile Include="dependencies\spdlog\bench\async_bench.cpp">
      <Filter>dependencies\spdlog\bench</Filter>
    </ClCompile>
    <ClCompile Include="dependencies\spdlog\bench\bench.cpp">
      <Filter>dependencies\spdlog\bench</Filter>
    </ClCompile>
    <ClCompile Include="dependencies\spdlog\bench\formatter-bench.cpp">
      <Filter>dependencies\spdlog\bench</Filter>
    </ClCompile>
    <ClCompile Include="dependencies\spdlog\bench\latency.cpp">
      <Filter>dependencies\spdlog\bench</Filter>
    </ClCompile>
    <ClCompile Include="dependencies\spdlog\example\example.cpp">
      <Filter>dependencies\spdlog\example</Filter>
    </ClCompile>
    <ClCompile Include="dependencies\spdlog\src\spdlog.cpp">
      <Filter>dependencies\spdlog\src</Filter>
    </ClCompile>
    <ClCompile Include="dependencies\spdlog\tests\main.cpp">
      <Filter>dependencies\spdlog\tests</Filter>
    </ClCompile>
    <ClCompile Include="dependencies\spdlog\tests\test_async.cpp">
      <Filter>dependencies\spdlog\tests</Filter>
    </ClCompile>
    <ClCompile Include="dependencies\spdlog\tests\test_dup_filter.cpp">
      <Filter>dependencies\spdlog\tests</Filter>
    </ClCompile>
    <ClCompile Include="dependencies\spdlog\tests\test_errors.cpp">
      <Filter>dependencies\spdlog\tests</Filter>
    </ClCompile>
    <ClCompile Include="dependencies\spdlog\tests\test_file_helper.cpp">
      <Filter>dependencies\spdlog\tests</Filter>
    </ClCompile>
    <ClCompile Include="dependencies\spdlog\tests\test_file_logging.cpp">
      <Filter>dependencies\spdlog\tests</Filter>
    </ClCompile>
    <ClCompile Include="dependencies\spdlog\tests\test_fmt_helper.cpp">
      <Filter>dependencies\spdlog\tests</Filter>
    </ClCompile>
    <ClCompile Include="dependencies\spdlog\tests\test_macros.cpp">
      <Filter>dependencies\spdlog\tests</Filter>
    </ClCompile>
    <ClCompile Include="dependencies\spdlog\tests\test_misc.cpp">
      <Filter>dependencies\spdlog\tests</Filter>
    </ClCompile>
    <ClCompile Include="dependencies\spdlog\tests\test_mpmc_q.cpp">
      <Filter>dependencies\spdlog\tests</Filter>
    </ClCompile>
    <ClCompile Include="dependencies\spdlog\tests\test_pattern_formatter.cpp">
      <Filter>dependencies\spdlog\tests</Filter>
    </ClCompile>
    <ClCompile Include="dependencies\spdlog\tests\test_registry.cpp">
      <Filter>dependencies\spdlog\tests</Filter>
    </ClCompile>
    <ClCompile Include="dependencies\spdlog\tests\test_stdout_api.cpp">
      <Filter>dependencies\spdlog\tests</Filter>
    </ClCompile>
    <ClCompile Include="dependencies\spdlog\tests\test_systemd.cpp">
      <Filter>dependencies\spdlog\tests</Filter>
    </ClCompile>
    <ClCompile Include="dependencies\spdlog\tests\utils.cpp">
      <Filter>dependencies\spdlog\tests</Filter>
    </ClCompile>
  </ItemGroup>
  <ItemGroup>
    <None Include="dependencies\glm\test\glm.cppcheck">
      <Filter>dependencies\glm\test</Filter>
    </None>
  </ItemGroup>
</Project>