<?xml version="1.0" encoding="utf-8"?>
<Project ToolsVersion="4.0" xmlns="http://schemas.microsoft.com/developer/msbuild/2003">
  <ItemGroup>
    <Filter Include="AssetsManagement">
      <UniqueIdentifier>{9545B836-813E-D788-AA70-BC0D96C8B694}</UniqueIdentifier>
    </Filter>
    <Filter Include="Core">
      <UniqueIdentifier>{2EB4837C-1AEB-840D-C3D7-6A10AFED000F}</UniqueIdentifier>
    </Filter>
    <Filter Include="Core\Types">
      <UniqueIdentifier>{526248CE-3E1A-8A1B-A721-637793F8240C}</UniqueIdentifier>
    </Filter>
    <Filter Include="Core\Types\Base">
      <UniqueIdentifier>{1C029557-888D-021C-919E-8510FDA85E1C}</UniqueIdentifier>
    </Filter>
    <Filter Include="Core\Types\Extensions">
      <UniqueIdentifier>{31C8B0CB-9D34-6CC6-6628-0424D2538E2E}</UniqueIdentifier>
    </Filter>
    <Filter Include="CoreComponents">
      <UniqueIdentifier>{D4E38443-C0B1-7849-A945-E96F95B254AE}</UniqueIdentifier>
    </Filter>
    <Filter Include="EntityComponent">
      <UniqueIdentifier>{3513E233-A19E-4FF8-AAAF-D2EC16BAABF8}</UniqueIdentifier>
    </Filter>
    <Filter Include="ImGui">
      <UniqueIdentifier>{C0FF640D-2C14-8DBE-F595-301E616989EF}</UniqueIdentifier>
    </Filter>
    <Filter Include="Rendering">
      <UniqueIdentifier>{E3AE1F7C-4F19-D4F2-9857-85980401B247}</UniqueIdentifier>
    </Filter>
    <Filter Include="Rendering\MaterialSystem">
      <UniqueIdentifier>{467D168D-32A2-650D-5BED-4A9D4771642B}</UniqueIdentifier>
    </Filter>
    <Filter Include="Rendering\MaterialSystem\Parameters">
      <UniqueIdentifier>{A979BCF2-1533-279D-9E92-41770A4BDD0C}</UniqueIdentifier>
    </Filter>
    <Filter Include="Rendering\Utility">
      <UniqueIdentifier>{26A0B10F-92B6-AFA5-DB2D-3BC74783802D}</UniqueIdentifier>
    </Filter>
  </ItemGroup>
  <ItemGroup>
    <ClInclude Include="PressF\AssetsManagement\Asset.h">
      <Filter>AssetsManagement</Filter>
    </ClInclude>
    <ClInclude Include="PressF\AssetsManagement\AssetMap.h">
      <Filter>AssetsManagement</Filter>
    </ClInclude>
    <ClInclude Include="PressF\AssetsManagement\AssetsManager.h">
      <Filter>AssetsManagement</Filter>
    </ClInclude>
    <ClInclude Include="PressF\AssetsManagement\Scene.h">
      <Filter>AssetsManagement</Filter>
    </ClInclude>
    <ClInclude Include="PressF\AssetsManagement\Serialization.h">
      <Filter>AssetsManagement</Filter>
    </ClInclude>
    <ClInclude Include="PressF\Core\Engine.h">
      <Filter>Core</Filter>
    </ClInclude>
    <ClInclude Include="PressF\Core\EngineConfig.h">
      <Filter>Core</Filter>
    </ClInclude>
    <ClInclude Include="PressF\Core\KeyCodes.h">
      <Filter>Core</Filter>
    </ClInclude>
    <ClInclude Include="PressF\Core\Logger.h">
      <Filter>Core</Filter>
    </ClInclude>
    <ClInclude Include="PressF\Core\OpenGL.h">
      <Filter>Core</Filter>
    </ClInclude>
    <ClInclude Include="PressF\Core\Types\Base\Base.h">
      <Filter>Core\Types\Base</Filter>
    </ClInclude>
    <ClInclude Include="PressF\Core\Types\Base\BaseDataType.h">
      <Filter>Core\Types\Base</Filter>
    </ClInclude>
    <ClInclude Include="PressF\Core\Types\Base\Bool.h">
      <Filter>Core\Types\Base</Filter>
    </ClInclude>
    <ClInclude Include="PressF\Core\Types\Base\Color.h">
      <Filter>Core\Types\Base</Filter>
    </ClInclude>
    <ClInclude Include="PressF\Core\Types\Base\Float.h">
      <Filter>Core\Types\Base</Filter>
    </ClInclude>
    <ClInclude Include="PressF\Core\Types\Base\Int.h">
      <Filter>Core\Types\Base</Filter>
    </ClInclude>
    <ClInclude Include="PressF\Core\Types\Base\Mat4.h">
      <Filter>Core\Types\Base</Filter>
    </ClInclude>
    <ClInclude Include="PressF\Core\Types\Base\UInt.h">
      <Filter>Core\Types\Base</Filter>
    </ClInclude>
    <ClInclude Include="PressF\Core\Types\Base\Vec2.h">
      <Filter>Core\Types\Base</Filter>
    </ClInclude>
    <ClInclude Include="PressF\Core\Types\Base\Vec3.h">
      <Filter>Core\Types\Base</Filter>
    </ClInclude>
    <ClInclude Include="PressF\Core\Types\Base\Vec4.h">
      <Filter>Core\Types\Base</Filter>
    </ClInclude>
    <ClInclude Include="PressF\Core\Types\Extensions\Clock.h">
      <Filter>Core\Types\Extensions</Filter>
    </ClInclude>
    <ClInclude Include="PressF\Core\Types\Extensions\Range.h">
      <Filter>Core\Types\Extensions</Filter>
    </ClInclude>
    <ClInclude Include="PressF\Core\Types\types.h">
      <Filter>Core\Types</Filter>
    </ClInclude>
    <ClInclude Include="PressF\Core\Window.h">
      <Filter>Core</Filter>
    </ClInclude>
    <ClInclude Include="PressF\CoreComponents\Camera.h">
      <Filter>CoreComponents</Filter>
    </ClInclude>
    <ClInclude Include="PressF\CoreComponents\CoreComponents.h">
      <Filter>CoreComponents</Filter>
    </ClInclude>
    <ClInclude Include="PressF\CoreComponents\Light.h">
      <Filter>CoreComponents</Filter>
    </ClInclude>
    <ClInclude Include="PressF\CoreComponents\MeshRenderer.h">
      <Filter>CoreComponents</Filter>
    </ClInclude>
    <ClInclude Include="PressF\CoreComponents\ParticleSystem.h">
      <Filter>CoreComponents</Filter>
    </ClInclude>
    <ClInclude Include="PressF\EntityComponent\Component.h">
      <Filter>EntityComponent</Filter>
    </ClInclude>
    <ClInclude Include="PressF\EntityComponent\GameObject.h">
      <Filter>EntityComponent</Filter>
    </ClInclude>
    <ClInclude Include="PressF\EntityComponent\Transform.h">
      <Filter>EntityComponent</Filter>
    </ClInclude>
    <ClInclude Include="PressF\ImGui\imgui_impl_opengl3.h">
      <Filter>ImGui</Filter>
    </ClInclude>
    <ClInclude Include="PressF\ImGui\imgui_impl_sdl.h">
      <Filter>ImGui</Filter>
    </ClInclude>
    <ClInclude Include="PressF\PressF.h" />
    <ClInclude Include="PressF\Rendering\FrameBuffer.h">
      <Filter>Rendering</Filter>
    </ClInclude>
    <ClInclude Include="PressF\Rendering\MaterialSystem\Material.h">
      <Filter>Rendering\MaterialSystem</Filter>
    </ClInclude>
    <ClInclude Include="PressF\Rendering\MaterialSystem\Parameters\ShaderColor.h">
      <Filter>Rendering\MaterialSystem\Parameters</Filter>
    </ClInclude>
    <ClInclude Include="PressF\Rendering\MaterialSystem\Parameters\ShaderFloat.h">
      <Filter>Rendering\MaterialSystem\Parameters</Filter>
    </ClInclude>
    <ClInclude Include="PressF\Rendering\MaterialSystem\Parameters\ShaderInt.h">
      <Filter>Rendering\MaterialSystem\Parameters</Filter>
    </ClInclude>
    <ClInclude Include="PressF\Rendering\MaterialSystem\Parameters\ShaderParameter.h">
      <Filter>Rendering\MaterialSystem\Parameters</Filter>
    </ClInclude>
    <ClInclude Include="PressF\Rendering\MaterialSystem\Parameters\ShaderParameters.h">
      <Filter>Rendering\MaterialSystem\Parameters</Filter>
    </ClInclude>
    <ClInclude Include="PressF\Rendering\MaterialSystem\Parameters\ShaderVec3.h">
      <Filter>Rendering\MaterialSystem\Parameters</Filter>
    </ClInclude>
    <ClInclude Include="PressF\Rendering\MaterialSystem\ShaderProgram.h">
      <Filter>Rendering\MaterialSystem</Filter>
    </ClInclude>
    <ClInclude Include="PressF\Rendering\ModelImporter.h">
      <Filter>Rendering</Filter>
    </ClInclude>
    <ClInclude Include="PressF\Rendering\Renderer.h">
      <Filter>Rendering</Filter>
    </ClInclude>
    <ClInclude Include="PressF\Rendering\Texture.h">
      <Filter>Rendering</Filter>
    </ClInclude>
    <ClInclude Include="PressF\Rendering\Utility\Quad.h">
      <Filter>Rendering\Utility</Filter>
    </ClInclude>
    <ClInclude Include="PressF\Rendering\loglMesh.h">
      <Filter>Rendering</Filter>
    </ClInclude>
    <ClInclude Include="PressF\pch.h" />
  </ItemGroup>
  <ItemGroup>
    <ClCompile Include="PressF\AssetsManagement\Asset.cpp">
      <Filter>AssetsManagement</Filter>
    </ClCompile>
    <ClCompile Include="PressF\AssetsManagement\AssetsManager.cpp">
      <Filter>AssetsManagement</Filter>
    </ClCompile>
    <ClCompile Include="PressF\AssetsManagement\Scene.cpp">
      <Filter>AssetsManagement</Filter>
    </ClCompile>
    <ClCompile Include="PressF\AssetsManagement\Serialization.cpp">
      <Filter>AssetsManagement</Filter>
    </ClCompile>
    <ClCompile Include="PressF\Core\Engine.cpp">
      <Filter>Core</Filter>
    </ClCompile>
    <ClCompile Include="PressF\Core\EngineConfig.cpp">
      <Filter>Core</Filter>
    </ClCompile>
    <ClCompile Include="PressF\Core\Logger.cpp">
      <Filter>Core</Filter>
    </ClCompile>
    <ClCompile Include="PressF\Core\OpenGL.cpp">
      <Filter>Core</Filter>
    </ClCompile>
    <ClCompile Include="PressF\Core\Types\types.cpp">
      <Filter>Core\Types</Filter>
    </ClCompile>
    <ClCompile Include="PressF\Core\Window.cpp">
      <Filter>Core</Filter>
    </ClCompile>
    <ClCompile Include="PressF\CoreComponents\Camera.cpp">
      <Filter>CoreComponents</Filter>
    </ClCompile>
    <ClCompile Include="PressF\CoreComponents\Light.cpp">
      <Filter>CoreComponents</Filter>
    </ClCompile>
    <ClCompile Include="PressF\CoreComponents\MeshRenderer.cpp">
      <Filter>CoreComponents</Filter>
    </ClCompile>
    <ClCompile Include="PressF\CoreComponents\ParticleSystem.cpp">
      <Filter>CoreComponents</Filter>
    </ClCompile>
    <ClCompile Include="PressF\EntityComponent\Component.cpp">
      <Filter>EntityComponent</Filter>
    </ClCompile>
    <ClCompile Include="PressF\EntityComponent\GameObject.cpp">
      <Filter>EntityComponent</Filter>
    </ClCompile>
    <ClCompile Include="PressF\EntityComponent\Transform.cpp">
      <Filter>EntityComponent</Filter>
    </ClCompile>
    <ClCompile Include="PressF\ImGui\imgui_impl_opengl3.cpp">
      <Filter>ImGui</Filter>
    </ClCompile>
    <ClCompile Include="PressF\ImGui\imgui_impl_sdl.cpp">
      <Filter>ImGui</Filter>
    </ClCompile>
    <ClCompile Include="PressF\Rendering\FrameBuffer.cpp">
      <Filter>Rendering</Filter>
    </ClCompile>
    <ClCompile Include="PressF\Rendering\MaterialSystem\Material.cpp">
      <Filter>Rendering\MaterialSystem</Filter>
    </ClCompile>
    <ClCompile Include="PressF\Rendering\MaterialSystem\Parameters\ShaderParameter.cpp">
      <Filter>Rendering\MaterialSystem\Parameters</Filter>
    </ClCompile>
    <ClCompile Include="PressF\Rendering\MaterialSystem\ShaderProgram.cpp">
      <Filter>Rendering\MaterialSystem</Filter>
    </ClCompile>
    <ClCompile Include="PressF\Rendering\Renderer.cpp">
      <Filter>Rendering</Filter>
    </ClCompile>
    <ClCompile Include="PressF\Rendering\Texture.cpp">
      <Filter>Rendering</Filter>
    </ClCompile>
    <ClCompile Include="PressF\Rendering\Utility\Quad.cpp">
      <Filter>Rendering\Utility</Filter>
    </ClCompile>
    <ClCompile Include="PressF\Rendering\loglMesh.cpp">
      <Filter>Rendering</Filter>
    </ClCompile>
    <ClCompile Include="PressF\pch.cpp" />
    <ClCompile Include="PressF\Core\Types\Extensions\Range.cpp" />
  </ItemGroup>
</Project>